// !$*UTF8*$!
{
	archiveVersion = 1;
	classes = {
	};
	objectVersion = 50;
	objects = {

/* Begin PBXBuildFile section */
		78AD2DA324474F1F004EA37E /* Lululemon.xcdatamodeld in Sources */ = {isa = PBXBuildFile; fileRef = 78AD2DA124474F1F004EA37E /* Lululemon.xcdatamodeld */; };
		B66BC4FC2446BD2200D97E17 /* AppDelegate.swift in Sources */ = {isa = PBXBuildFile; fileRef = B66BC4FB2446BD2200D97E17 /* AppDelegate.swift */; };
		B66BC4FE2446BD2200D97E17 /* ViewController.swift in Sources */ = {isa = PBXBuildFile; fileRef = B66BC4FD2446BD2200D97E17 /* ViewController.swift */; };
		B66BC5012446BD2200D97E17 /* Main.storyboard in Resources */ = {isa = PBXBuildFile; fileRef = B66BC4FF2446BD2200D97E17 /* Main.storyboard */; };
		B66BC5032446BD2400D97E17 /* Assets.xcassets in Resources */ = {isa = PBXBuildFile; fileRef = B66BC5022446BD2400D97E17 /* Assets.xcassets */; };
		B66BC5062446BD2400D97E17 /* LaunchScreen.storyboard in Resources */ = {isa = PBXBuildFile; fileRef = B66BC5042446BD2400D97E17 /* LaunchScreen.storyboard */; };
		B66BC50E2446BEF800D97E17 /* GarmentTVCell.swift in Sources */ = {isa = PBXBuildFile; fileRef = B66BC50D2446BEF800D97E17 /* GarmentTVCell.swift */; };
		B66BC5112446C42500D97E17 /* GarmentAddViewController.swift in Sources */ = {isa = PBXBuildFile; fileRef = B66BC5102446C42500D97E17 /* GarmentAddViewController.swift */; };
/* End PBXBuildFile section */

/* Begin PBXFileReference section */
		78AD2DA224474F1F004EA37E /* Model.xcdatamodel */ = {isa = PBXFileReference; lastKnownFileType = wrapper.xcdatamodel; path = Model.xcdatamodel; sourceTree = "<group>"; };
		B66BC4F82446BD2200D97E17 /* LululemonAssignment.app */ = {isa = PBXFileReference; explicitFileType = wrapper.application; includeInIndex = 0; path = LululemonAssignment.app; sourceTree = BUILT_PRODUCTS_DIR; };
		B66BC4FB2446BD2200D97E17 /* AppDelegate.swift */ = {isa = PBXFileReference; lastKnownFileType = sourcecode.swift; path = AppDelegate.swift; sourceTree = "<group>"; };
		B66BC4FD2446BD2200D97E17 /* ViewController.swift */ = {isa = PBXFileReference; lastKnownFileType = sourcecode.swift; path = ViewController.swift; sourceTree = "<group>"; };
		B66BC5002446BD2200D97E17 /* Base */ = {isa = PBXFileReference; lastKnownFileType = file.storyboard; name = Base; path = Base.lproj/Main.storyboard; sourceTree = "<group>"; };
		B66BC5022446BD2400D97E17 /* Assets.xcassets */ = {isa = PBXFileReference; lastKnownFileType = folder.assetcatalog; path = Assets.xcassets; sourceTree = "<group>"; };
		B66BC5052446BD2400D97E17 /* Base */ = {isa = PBXFileReference; lastKnownFileType = file.storyboard; name = Base; path = Base.lproj/LaunchScreen.storyboard; sourceTree = "<group>"; };
		B66BC5072446BD2400D97E17 /* Info.plist */ = {isa = PBXFileReference; lastKnownFileType = text.plist.xml; path = Info.plist; sourceTree = "<group>"; };
		B66BC50D2446BEF800D97E17 /* GarmentTVCell.swift */ = {isa = PBXFileReference; lastKnownFileType = sourcecode.swift; path = GarmentTVCell.swift; sourceTree = "<group>"; };
		B66BC5102446C42500D97E17 /* GarmentAddViewController.swift */ = {isa = PBXFileReference; lastKnownFileType = sourcecode.swift; path = GarmentAddViewController.swift; sourceTree = "<group>"; };
		B6E95A9E24475ABF00E2F27A /* LululemonAssignmentTests.swift */ = {isa = PBXFileReference; lastKnownFileType = sourcecode.swift; path = LululemonAssignmentTests.swift; sourceTree = "<group>"; };
		B6E95AA024475ABF00E2F27A /* Info.plist */ = {isa = PBXFileReference; lastKnownFileType = text.plist.xml; path = Info.plist; sourceTree = "<group>"; };
/* End PBXFileReference section */

/* Begin PBXFrameworksBuildPhase section */
		B66BC4F52446BD2200D97E17 /* Frameworks */ = {
			isa = PBXFrameworksBuildPhase;
			buildActionMask = 2147483647;
			files = (
			);
			runOnlyForDeploymentPostprocessing = 0;
		};
/* End PBXFrameworksBuildPhase section */

/* Begin PBXGroup section */
		B66BC4EF2446BD2200D97E17 = {
			isa = PBXGroup;
			children = (
				B66BC4FA2446BD2200D97E17 /* LululemonAssignment */,
				B6E95A9D24475ABF00E2F27A /* LululemonAssignmentTests */,
				B66BC4F92446BD2200D97E17 /* Products */,
			);
			sourceTree = "<group>";
		};
		B66BC4F92446BD2200D97E17 /* Products */ = {
			isa = PBXGroup;
			children = (
				B66BC4F82446BD2200D97E17 /* LululemonAssignment.app */,
			);
			name = Products;
			sourceTree = "<group>";
		};
		B66BC4FA2446BD2200D97E17 /* LululemonAssignment */ = {
			isa = PBXGroup;
			children = (
				B66BC4FB2446BD2200D97E17 /* AppDelegate.swift */,
				B6E95A942447582600E2F27A /* Model */,
				B66BC5122446D2CB00D97E17 /* Controllers */,
				B66BC50F2446BF2300D97E17 /* Views */,
				B66BC5022446BD2400D97E17 /* Assets.xcassets */,
				B66BC5042446BD2400D97E17 /* LaunchScreen.storyboard */,
				B66BC5072446BD2400D97E17 /* Info.plist */,
			);
			path = LululemonAssignment;
			sourceTree = "<group>";
		};
		B66BC50F2446BF2300D97E17 /* Views */ = {
			isa = PBXGroup;
			children = (
				B66BC50D2446BEF800D97E17 /* GarmentTVCell.swift */,
				B66BC4FF2446BD2200D97E17 /* Main.storyboard */,
			);
			path = Views;
			sourceTree = "<group>";
		};
		B66BC5122446D2CB00D97E17 /* Controllers */ = {
			isa = PBXGroup;
			children = (
				B66BC4FD2446BD2200D97E17 /* ViewController.swift */,
				B66BC5102446C42500D97E17 /* GarmentAddViewController.swift */,
			);
			path = Controllers;
			sourceTree = "<group>";
		};
		B6E95A942447582600E2F27A /* Model */ = {
			isa = PBXGroup;
			children = (
				78AD2DA124474F1F004EA37E /* Lululemon.xcdatamodeld */,
			);
			path = Model;
			sourceTree = "<group>";
		};
		B6E95A9D24475ABF00E2F27A /* LululemonAssignmentTests */ = {
			isa = PBXGroup;
			children = (
				B6E95A9E24475ABF00E2F27A /* LululemonAssignmentTests.swift */,
				B6E95AA024475ABF00E2F27A /* Info.plist */,
			);
			path = LululemonAssignmentTests;
			sourceTree = "<group>";
		};
/* End PBXGroup section */

/* Begin PBXNativeTarget section */
		B66BC4F72446BD2200D97E17 /* LululemonAssignment */ = {
			isa = PBXNativeTarget;
			buildConfigurationList = B66BC50A2446BD2400D97E17 /* Build configuration list for PBXNativeTarget "LululemonAssignment" */;
			buildPhases = (
				B66BC4F42446BD2200D97E17 /* Sources */,
				B66BC4F52446BD2200D97E17 /* Frameworks */,
				B66BC4F62446BD2200D97E17 /* Resources */,
			);
			buildRules = (
			);
			dependencies = (
			);
			name = LululemonAssignment;
			productName = LululemonAssignment;
			productReference = B66BC4F82446BD2200D97E17 /* LululemonAssignment.app */;
			productType = "com.apple.product-type.application";
		};
/* End PBXNativeTarget section */

/* Begin PBXProject section */
		B66BC4F02446BD2200D97E17 /* Project object */ = {
			isa = PBXProject;
			attributes = {
				LastSwiftUpdateCheck = 1130;
				LastUpgradeCheck = 1030;
				ORGANIZATIONNAME = "Dinesh Danda";
				TargetAttributes = {
					B66BC4F72446BD2200D97E17 = {
						CreatedOnToolsVersion = 10.3;
					};
				};
			};
			buildConfigurationList = B66BC4F32446BD2200D97E17 /* Build configuration list for PBXProject "LululemonAssignment" */;
			compatibilityVersion = "Xcode 9.3";
			developmentRegion = en;
			hasScannedForEncodings = 0;
			knownRegions = (
				en,
				Base,
			);
			mainGroup = B66BC4EF2446BD2200D97E17;
			productRefGroup = B66BC4F92446BD2200D97E17 /* Products */;
			projectDirPath = "";
			projectRoot = "";
			targets = (
				B66BC4F72446BD2200D97E17 /* LululemonAssignment */,
			);
		};
/* End PBXProject section */

/* Begin PBXResourcesBuildPhase section */
		B66BC4F62446BD2200D97E17 /* Resources */ = {
			isa = PBXResourcesBuildPhase;
			buildActionMask = 2147483647;
			files = (
				B66BC5062446BD2400D97E17 /* LaunchScreen.storyboard in Resources */,
				B66BC5032446BD2400D97E17 /* Assets.xcassets in Resources */,
				B66BC5012446BD2200D97E17 /* Main.storyboard in Resources */,
			);
			runOnlyForDeploymentPostprocessing = 0;
		};
/* End PBXResourcesBuildPhase section */

/* Begin PBXSourcesBuildPhase section */
		B66BC4F42446BD2200D97E17 /* Sources */ = {
			isa = PBXSourcesBuildPhase;
			buildActionMask = 2147483647;
			files = (
				B66BC4FE2446BD2200D97E17 /* ViewController.swift in Sources */,
				B66BC50E2446BEF800D97E17 /* GarmentTVCell.swift in Sources */,
				78AD2DA324474F1F004EA37E /* Lululemon.xcdatamodeld in Sources */,
				B66BC4FC2446BD2200D97E17 /* AppDelegate.swift in Sources */,
				B66BC5112446C42500D97E17 /* GarmentAddViewController.swift in Sources */,
			);
			runOnlyForDeploymentPostprocessing = 0;
		};
/* End PBXSourcesBuildPhase section */

/* Begin PBXVariantGroup section */
		B66BC4FF2446BD2200D97E17 /* Main.storyboard */ = {
			isa = PBXVariantGroup;
			children = (
				B66BC5002446BD2200D97E17 /* Base */,
			);
			name = Main.storyboard;
			sourceTree = "<group>";
		};
		B66BC5042446BD2400D97E17 /* LaunchScreen.storyboard */ = {
			isa = PBXVariantGroup;
			children = (
				B66BC5052446BD2400D97E17 /* Base */,
			);
			name = LaunchScreen.storyboard;
			sourceTree = "<group>";
		};
/* End PBXVariantGroup section */

/* Begin XCBuildConfiguration section */
		B66BC5082446BD2400D97E17 /* Debug */ = {
			isa = XCBuildConfiguration;
			buildSettings = {
				ALWAYS_SEARCH_USER_PATHS = NO;
				CLANG_ANALYZER_NONNULL = YES;
				CLANG_ANALYZER_NUMBER_OBJECT_CONVERSION = YES_AGGRESSIVE;
				CLANG_CXX_LANGUAGE_STANDARD = "gnu++14";
				CLANG_CXX_LIBRARY = "libc++";
				CLANG_ENABLE_MODULES = YES;
				CLANG_ENABLE_OBJC_ARC = YES;
				CLANG_ENABLE_OBJC_WEAK = YES;
				CLANG_WARN_BLOCK_CAPTURE_AUTORELEASING = YES;
				CLANG_WARN_BOOL_CONVERSION = YES;
				CLANG_WARN_COMMA = YES;
				CLANG_WARN_CONSTANT_CONVERSION = YES;
				CLANG_WARN_DEPRECATED_OBJC_IMPLEMENTATIONS = YES;
				CLANG_WARN_DIRECT_OBJC_ISA_USAGE = YES_ERROR;
				CLANG_WARN_DOCUMENTATION_COMMENTS = YES;
				CLANG_WARN_EMPTY_BODY = YES;
				CLANG_WARN_ENUM_CONVERSION = YES;
				CLANG_WARN_INFINITE_RECURSION = YES;
				CLANG_WARN_INT_CONVERSION = YES;
				CLANG_WARN_NON_LITERAL_NULL_CONVERSION = YES;
				CLANG_WARN_OBJC_IMPLICIT_RETAIN_SELF = YES;
				CLANG_WARN_OBJC_LITERAL_CONVERSION = YES;
				CLANG_WARN_OBJC_ROOT_CLASS = YES_ERROR;
				CLANG_WARN_RANGE_LOOP_ANALYSIS = YES;
				CLANG_WARN_STRICT_PROTOTYPES = YES;
				CLANG_WARN_SUSPICIOUS_MOVE = YES;
				CLANG_WARN_UNGUARDED_AVAILABILITY = YES_AGGRESSIVE;
				CLANG_WARN_UNREACHABLE_CODE = YES;
				CLANG_WARN__DUPLICATE_METHOD_MATCH = YES;
				CODE_SIGN_IDENTITY = "iPhone Developer";
				COPY_PHASE_STRIP = NO;
				DEBUG_INFORMATION_FORMAT = dwarf;
				ENABLE_STRICT_OBJC_MSGSEND = YES;
				ENABLE_TESTABILITY = YES;
				GCC_C_LANGUAGE_STANDARD = gnu11;
				GCC_DYNAMIC_NO_PIC = NO;
				GCC_NO_COMMON_BLOCKS = YES;
				GCC_OPTIMIZATION_LEVEL = 0;
				GCC_PREPROCESSOR_DEFINITIONS = (
					"DEBUG=1",
					"$(inherited)",
				);
				GCC_WARN_64_TO_32_BIT_CONVERSION = YES;
				GCC_WARN_ABOUT_RETURN_TYPE = YES_ERROR;
				GCC_WARN_UNDECLARED_SELECTOR = YES;
				GCC_WARN_UNINITIALIZED_AUTOS = YES_AGGRESSIVE;
				GCC_WARN_UNUSED_FUNCTION = YES;
				GCC_WARN_UNUSED_VARIABLE = YES;
				IPHONEOS_DEPLOYMENT_TARGET = 12.4;
				MTL_ENABLE_DEBUG_INFO = INCLUDE_SOURCE;
				MTL_FAST_MATH = YES;
				ONLY_ACTIVE_ARCH = YES;
				SDKROOT = iphoneos;
				SWIFT_ACTIVE_COMPILATION_CONDITIONS = DEBUG;
				SWIFT_OPTIMIZATION_LEVEL = "-Onone";
			};
			name = Debug;
		};
		B66BC5092446BD2400D97E17 /* Release */ = {
			isa = XCBuildConfiguration;
			buildSettings = {
				ALWAYS_SEARCH_USER_PATHS = NO;
				CLANG_ANALYZER_NONNULL = YES;
				CLANG_ANALYZER_NUMBER_OBJECT_CONVERSION = YES_AGGRESSIVE;
				CLANG_CXX_LANGUAGE_STANDARD = "gnu++14";
				CLANG_CXX_LIBRARY = "libc++";
				CLANG_ENABLE_MODULES = YES;
				CLANG_ENABLE_OBJC_ARC = YES;
				CLANG_ENABLE_OBJC_WEAK = YES;
				CLANG_WARN_BLOCK_CAPTURE_AUTORELEASING = YES;
				CLANG_WARN_BOOL_CONVERSION = YES;
				CLANG_WARN_COMMA = YES;
				CLANG_WARN_CONSTANT_CONVERSION = YES;
				CLANG_WARN_DEPRECATED_OBJC_IMPLEMENTATIONS = YES;
				CLANG_WARN_DIRECT_OBJC_ISA_USAGE = YES_ERROR;
				CLANG_WARN_DOCUMENTATION_COMMENTS = YES;
				CLANG_WARN_EMPTY_BODY = YES;
				CLANG_WARN_ENUM_CONVERSION = YES;
				CLANG_WARN_INFINITE_RECURSION = YES;
				CLANG_WARN_INT_CONVERSION = YES;
				CLANG_WARN_NON_LITERAL_NULL_CONVERSION = YES;
				CLANG_WARN_OBJC_IMPLICIT_RETAIN_SELF = YES;
				CLANG_WARN_OBJC_LITERAL_CONVERSION = YES;
				CLANG_WARN_OBJC_ROOT_CLASS = YES_ERROR;
				CLANG_WARN_RANGE_LOOP_ANALYSIS = YES;
				CLANG_WARN_STRICT_PROTOTYPES = YES;
				CLANG_WARN_SUSPICIOUS_MOVE = YES;
				CLANG_WARN_UNGUARDED_AVAILABILITY = YES_AGGRESSIVE;
				CLANG_WARN_UNREACHABLE_CODE = YES;
				CLANG_WARN__DUPLICATE_METHOD_MATCH = YES;
				CODE_SIGN_IDENTITY = "iPhone Developer";
				COPY_PHASE_STRIP = NO;
				DEBUG_INFORMATION_FORMAT = "dwarf-with-dsym";
				ENABLE_NS_ASSERTIONS = NO;
				ENABLE_STRICT_OBJC_MSGSEND = YES;
				GCC_C_LANGUAGE_STANDARD = gnu11;
				GCC_NO_COMMON_BLOCKS = YES;
				GCC_WARN_64_TO_32_BIT_CONVERSION = YES;
				GCC_WARN_ABOUT_RETURN_TYPE = YES_ERROR;
				GCC_WARN_UNDECLARED_SELECTOR = YES;
				GCC_WARN_UNINITIALIZED_AUTOS = YES_AGGRESSIVE;
				GCC_WARN_UNUSED_FUNCTION = YES;
				GCC_WARN_UNUSED_VARIABLE = YES;
				IPHONEOS_DEPLOYMENT_TARGET = 12.4;
				MTL_ENABLE_DEBUG_INFO = NO;
				MTL_FAST_MATH = YES;
				SDKROOT = iphoneos;
				SWIFT_COMPILATION_MODE = wholemodule;
				SWIFT_OPTIMIZATION_LEVEL = "-O";
				VALIDATE_PRODUCT = YES;
			};
			name = Release;
		};
		B66BC50B2446BD2400D97E17 /* Debug */ = {
			isa = XCBuildConfiguration;
			buildSettings = {
				ASSETCATALOG_COMPILER_APPICON_NAME = AppIcon;
				CODE_SIGN_STYLE = Automatic;
				DEVELOPMENT_TEAM = EEGRNAPU89;
				INFOPLIST_FILE = LululemonAssignment/Info.plist;
				LD_RUNPATH_SEARCH_PATHS = (
					"$(inherited)",
					"@executable_path/Frameworks",
				);
				PRODUCT_BUNDLE_IDENTIFIER = com.dineshdanda.LululemonAssignment;
				PRODUCT_NAME = "$(TARGET_NAME)";
				SWIFT_VERSION = 5.0;
				TARGETED_DEVICE_FAMILY = "1,2";
			};
			name = Debug;
		};
		B66BC50C2446BD2400D97E17 /* Release */ = {
			isa = XCBuildConfiguration;
			buildSettings = {
				ASSETCATALOG_COMPILER_APPICON_NAME = AppIcon;
				CODE_SIGN_STYLE = Automatic;
				DEVELOPMENT_TEAM = EEGRNAPU89;
				INFOPLIST_FILE = LululemonAssignment/Info.plist;
				LD_RUNPATH_SEARCH_PATHS = (
					"$(inherited)",
					"@executable_path/Frameworks",
				);
				PRODUCT_BUNDLE_IDENTIFIER = com.dineshdanda.LululemonAssignment;
				PRODUCT_NAME = "$(TARGET_NAME)";
				SWIFT_VERSION = 5.0;
				TARGETED_DEVICE_FAMILY = "1,2";
			};
			name = Release;
		};
/* End XCBuildConfiguration section */

/* Begin XCConfigurationList section */
		B66BC4F32446BD2200D97E17 /* Build configuration list for PBXProject "LululemonAssignment" */ = {
			isa = XCConfigurationList;
			buildConfigurations = (
				B66BC5082446BD2400D97E17 /* Debug */,
				B66BC5092446BD2400D97E17 /* Release */,
			);
			defaultConfigurationIsVisible = 0;
			defaultConfigurationName = Release;
		};
		B66BC50A2446BD2400D97E17 /* Build configuration list for PBXNativeTarget "LululemonAssignment" */ = {
			isa = XCConfigurationList;
			buildConfigurations = (
				B66BC50B2446BD2400D97E17 /* Debug */,
				B66BC50C2446BD2400D97E17 /* Release */,
			);
			defaultConfigurationIsVisible = 0;
			defaultConfigurationName = Release;
		};
/* End XCConfigurationList section */

/* Begin XCVersionGroup section */
		78AD2DA124474F1F004EA37E /* Lululemon.xcdatamodeld */ = {
			isa = XCVersionGroup;
			children = (
				78AD2DA224474F1F004EA37E /* Model.xcdatamodel */,
			);
			currentVersion = 78AD2DA224474F1F004EA37E /* Model.xcdatamodel */;
			path = Lululemon.xcdatamodeld;
			sourceTree = "<group>";
			versionGroupType = wrapper.xcdatamodel;
		};
/* End XCVersionGroup section */
	};
	rootObject = B66BC4F02446BD2200D97E17 /* Project object */;
}
